{
    "version": 3,
    "terraform_version": "0.9.11",
    "serial": 2,
    "lineage": "3da2edec-5d60-4e39-a34a-22fb645a4593",
    "modules": [
        {
            "path": [
                "root"
            ],
            "outputs": {
                "instance_ips": {
                    "sensitive": false,
                    "type": "list",
                    "value": [
                        "54.255.247.84"
                    ]
                }
            },
            "resources": {
                "aws_instance.instance1": {
                    "type": "aws_instance",
                    "depends_on": [],
                    "primary": {
                        "id": "i-009e60efa89b98d73",
                        "attributes": {
                            "ami": "ami-85fd92e6",
                            "associate_public_ip_address": "true",
                            "availability_zone": "ap-southeast-1b",
                            "disable_api_termination": "false",
                            "ebs_block_device.#": "0",
                            "ebs_optimized": "false",
                            "ephemeral_block_device.#": "0",
                            "iam_instance_profile": "",
                            "id": "i-009e60efa89b98d73",
                            "instance_state": "running",
                            "instance_type": "t2.micro",
                            "ipv6_addresses.#": "0",
                            "key_name": "key001",
                            "monitoring": "false",
                            "network_interface.#": "0",
                            "network_interface_id": "eni-18134a30",
                            "primary_network_interface_id": "eni-18134a30",
                            "private_dns": "ip-172-31-22-154.ap-southeast-1.compute.internal",
                            "private_ip": "172.31.22.154",
                            "public_dns": "ec2-54-255-247-84.ap-southeast-1.compute.amazonaws.com",
                            "public_ip": "54.255.247.84",
                            "root_block_device.#": "1",
                            "root_block_device.0.delete_on_termination": "true",
                            "root_block_device.0.iops": "100",
                            "root_block_device.0.volume_size": "8",
                            "root_block_device.0.volume_type": "gp2",
                            "security_groups.#": "1",
                            "security_groups.3814588639": "default",
                            "source_dest_check": "true",
                            "subnet_id": "subnet-0f203d78",
                            "tags.%": "1",
                            "tags.Name": "React-Coder-Lands",
                            "tenancy": "default",
                            "volume_tags.%": "0",
                            "vpc_security_group_ids.#": "0"
                        },
                        "meta": {
                            "e2bfb730-ecaa-11e6-8f88-34363bc7c4c0": {
                                "create": 600000000000,
                                "delete": 600000000000,
                                "update": 600000000000
                            },
                            "schema_version": "1"
                        },
                        "tainted": false
                    },
                    "deposed": [],
                    "provider": ""
                },
                "aws_key_pair.key1": {
                    "type": "aws_key_pair",
                    "depends_on": [],
                    "primary": {
                        "id": "key001",
                        "attributes": {
                            "fingerprint": "ed:49:25:8a:fb:92:fa:1a:ed:f6:2d:27:7f:1a:32:ac",
                            "id": "key001",
                            "key_name": "key001",
                            "public_key": "ssh-rsa AAAAB3NzaC1yc2EAAAADAQABAAABAQDTQSN4jYKdPc3pEGnPdUMgNrFSgq29REv71/8StF9wcXYnQbGw4RmWzUs9RSCCt4vQoorfQ9kPw1Gqf1q5nh5yyFEYfwbio1Ykcbb1TH1J121714jG2UgnjWpWwLw91RdORt5wa7NgUae4QXlmQ819KZ79NI87AOpfVfQssIFvV+I1tRzzn5Vd6Hnzf3Il0LPrpWk2zdpOakdEJogSF5/3rpEa3GwY492Xi4ZeKLaVlIBsKvonP1k5in3kEcieOPF0mL7VPDNpeMBJYA+Ajeq4wkG3BAs1wFNWcRcm6HlsXW3pJka3x2+3AT5bLgVkBWvM0xLK4F92wVd5MjO9GB2V mingk@DESKTOP-GGEI9QS"
                        },
                        "meta": {
                            "schema_version": "1"
                        },
                        "tainted": false
                    },
                    "deposed": [],
                    "provider": ""
                }
            },
            "depends_on": []
        }
    ]
}
